
Microsoft Visual Studio Solution File, Format Version 12.00
# Visual Studio Version 17
VisualStudioVersion = 17.3.32901.215
MinimumVisualStudioVersion = 10.0.40219.1
Project("{FAE04EC0-301F-11D3-BF4B-00C04F79EFBC}") = "di.tema2.ejercicio1.codigo", "di.tema2.ejercicio1.codigo\di.tema2.ejercicio1.codigo.csproj", "{F5E3563A-DD37-43E2-A57A-A2C14E8664EF}"
EndProject
Global
	GlobalSection(SolutionConfigurationPlatforms) = preSolution
		Debug|Any CPU = Debug|Any CPU
		Release|Any CPU = Release|Any CPU
	EndGlobalSection
	GlobalSection(ProjectConfigurationPlatforms) = postSolution
		{F5E3563A-DD37-43E2-A57A-A2C14E8664EF}.Debug|Any CPU.ActiveCfg = Debug|Any CPU
		{F5E3563A-DD37-43E2-A57A-A2C14E8664EF}.Debug|Any CPU.Build.0 = Debug|Any CPU
		{F5E3563A-DD37-43E2-A57A-A2C14E8664EF}.Release|Any CPU.ActiveCfg = Release|Any CPU
		{F5E3563A-DD37-43E2-A57A-A2C14E8664EF}.Release|Any CPU.Build.0 = Release|Any CPU
	EndGlobalSection
	GlobalSection(SolutionProperties) = preSolution
		HideSolutionNode = FALSE
	EndGlobalSection
	GlobalSection(ExtensibilityGlobals) = postSolution
		SolutionGuid = {B56AAFC9-CFD0-499B-88F5-61C548523A2A}
	EndGlobalSection
EndGlobal
